{
  "name": "gateway-it",
  "version": "1.0.0",
  "lockfileVersion": 3,
  "requires": true,
  "packages": {
    "": {
      "name": "gateway-it",
      "version": "1.0.0",
      "license": "MIT",
      "dependencies": {
        "ethers": "^6.15.0",
        "ethstorage-sdk": "^4.2.4",
        "https": "^1.0.0",
        "node-fetch": "^3.3.2"
      }
    },
    "node_modules/@adraffy/ens-normalize": {
      "version": "1.10.1",
      "resolved": "https://registry.npmjs.org/@adraffy/ens-normalize/-/ens-normalize-1.10.1.tgz",
      "integrity": "sha512-96Z2IP3mYmF1Xg2cDm8f1gWGf/HUVedQ3FMifV4kG/PQ4yEP51xDtRAEfhVNt5f/uzpNkZHwWQuUcu6D6K+Ekw=="
    },
    "node_modules/@emnapi/core": {
      "version": "1.7.1",
      "resolved": "https://registry.npmjs.org/@emnapi/core/-/core-1.7.1.tgz",
      "integrity": "sha512-o1uhUASyo921r2XtHYOHy7gdkGLge8ghBEQHMWmyJFoXlpU58kIrhhN3w26lpQb6dspetweapMn2CSNwQ8I4wg==",
      "optional": true,
      "dependencies": {
        "@emnapi/wasi-threads": "1.1.0",
        "tslib": "^2.4.0"
      }
    },
    "node_modules/@emnapi/runtime": {
      "version": "1.7.1",
      "resolved": "https://registry.npmjs.org/@emnapi/runtime/-/runtime-1.7.1.tgz",
      "integrity": "sha512-PVtJr5CmLwYAU9PZDMITZoR5iAOShYREoR45EyyLrbntV50mdePTgUn4AmOw90Ifcj+x2kRjdzr1HP3RrNiHGA==",
      "optional": true,
      "dependencies": {
        "tslib": "^2.4.0"
      }
    },
    "node_modules/@emnapi/wasi-threads": {
      "version": "1.1.0",
      "resolved": "https://registry.npmjs.org/@emnapi/wasi-threads/-/wasi-threads-1.1.0.tgz",
      "integrity": "sha512-WI0DdZ8xFSbgMjR1sFsKABJ/C5OnRrjT06JXbZKexJGrDuPTzZdDYfFlsgcCXCyf+suG5QU2e/y1Wo2V/OapLQ==",
      "optional": true,
      "dependencies": {
        "tslib": "^2.4.0"
      }
    },
    "node_modules/@napi-rs/wasm-runtime": {
      "version": "1.1.0",
      "resolved": "https://registry.npmjs.org/@napi-rs/wasm-runtime/-/wasm-runtime-1.1.0.tgz",
      "integrity": "sha512-Fq6DJW+Bb5jaWE69/qOE0D1TUN9+6uWhCeZpdnSBk14pjLcCWR7Q8n49PTSPHazM37JqrsdpEthXy2xn6jWWiA==",
      "optional": true,
      "dependencies": {
        "@emnapi/core": "^1.7.1",
        "@emnapi/runtime": "^1.7.1",
        "@tybys/wasm-util": "^0.10.1"
      }
    },
    "node_modules/@noble/curves": {
      "version": "1.2.0",
      "resolved": "https://registry.npmjs.org/@noble/curves/-/curves-1.2.0.tgz",
      "integrity": "sha512-oYclrNgRaM9SsBUBVbb8M6DTV7ZHRTKugureoYEncY5c65HOmRzvSiTE3y5CYaPYJA/GVkrhXEoF0M3Ya9PMnw==",
      "dependencies": {
        "@noble/hashes": "1.3.2"
      },
      "funding": {
        "url": "https://paulmillr.com/funding/"
      }
    },
    "node_modules/@noble/hashes": {
      "version": "1.3.2",
      "resolved": "https://registry.npmjs.org/@noble/hashes/-/hashes-1.3.2.tgz",
      "integrity": "sha512-MVC8EAQp7MvEcm30KWENFjgR+Mkmf+D189XJTkFIlwohU5hcBbn1ZkKq7KVTi2Hme3PMGF390DaL52beVrIihQ==",
      "engines": {
        "node": ">= 16"
      },
      "funding": {
        "url": "https://paulmillr.com/funding/"
      }
    },
    "node_modules/@tybys/wasm-util": {
      "version": "0.10.1",
      "resolved": "https://registry.npmjs.org/@tybys/wasm-util/-/wasm-util-0.10.1.tgz",
      "integrity": "sha512-9tTaPJLSiejZKx+Bmog4uSubteqTvFrVrURwkmHixBo0G4seD0zUxp98E1DzUBJxLQ3NPwXrGKDiVjwx/DpPsg==",
      "optional": true,
      "dependencies": {
        "tslib": "^2.4.0"
      }
    },
    "node_modules/@types/node": {
      "version": "22.7.5",
      "resolved": "https://registry.npmjs.org/@types/node/-/node-22.7.5.tgz",
      "integrity": "sha512-jML7s2NAzMWc//QSJ1a3prpk78cOPchGvXJsC3C6R6PSMoooztvRVQEz89gmBTBY1SPMaqo5teB4uNHPdetShQ==",
      "dependencies": {
        "undici-types": "~6.19.2"
      }
    },
    "node_modules/aes-js": {
      "version": "4.0.0-beta.5",
      "resolved": "https://registry.npmjs.org/aes-js/-/aes-js-4.0.0-beta.5.tgz",
      "integrity": "sha512-G965FqalsNyrPqgEGON7nIx1e/OVENSgiEIzyC63haUMuvNnwIgIjMs52hlTCKhkBny7A2ORNlfY9Zu+jmGk1Q=="
    },
    "node_modules/async-mutex": {
      "version": "0.5.0",
      "resolved": "https://registry.npmjs.org/async-mutex/-/async-mutex-0.5.0.tgz",
      "integrity": "sha512-1A94B18jkJ3DYq284ohPxoXbfTA5HsQ7/Mf4DEhcyLx3Bz27Rh59iScbB6EPiP+B+joue6YCxcMXSbFC1tZKwA==",
      "dependencies": {
        "tslib": "^2.4.0"
      }
    },
    "node_modules/comlink": {
      "version": "4.4.2",
      "resolved": "https://registry.npmjs.org/comlink/-/comlink-4.4.2.tgz",
      "integrity": "sha512-OxGdvBmJuNKSCMO4NTl1L47VRp6xn2wG4F/2hYzB6tiCb709otOxtEYCSvK80PtjODfXXZu8ds+Nw5kVCjqd2g=="
    },
    "node_modules/data-uri-to-buffer": {
      "version": "4.0.1",
      "resolved": "https://registry.npmjs.org/data-uri-to-buffer/-/data-uri-to-buffer-4.0.1.tgz",
      "integrity": "sha512-0R9ikRb668HB7QDxT1vkpuUBtqc53YyAwMwGeUFKRojY/NWKvdZ+9UYtRfGmhqNbRkTSVpMbmyhXipFFv2cb/A==",
      "engines": {
        "node": ">= 12"
      }
    },
    "node_modules/dotenv": {
      "version": "16.6.1",
      "resolved": "https://registry.npmjs.org/dotenv/-/dotenv-16.6.1.tgz",
      "integrity": "sha512-uBq4egWHTcTt33a72vpSG0z3HnPuIl6NqYcTrKEg2azoEyl2hpW0zqlxysq2pK9HlDIHyHyakeYaYnSAwd8bow==",
      "engines": {
        "node": ">=12"
      },
      "funding": {
        "url": "https://dotenvx.com"
      }
    },
    "node_modules/ethers": {
      "version": "6.16.0",
      "resolved": "https://registry.npmjs.org/ethers/-/ethers-6.16.0.tgz",
      "integrity": "sha512-U1wulmetNymijEhpSEQ7Ct/P/Jw9/e7R1j5XIbPRydgV2DjLVMsULDlNksq3RQnFgKoLlZf88ijYtWEXcPa07A==",
      "funding": [
        {
          "type": "individual",
          "url": "https://github.com/sponsors/ethers-io/"
        },
        {
          "type": "individual",
          "url": "https://www.buymeacoffee.com/ricmoo"
        }
      ],
      "dependencies": {
        "@adraffy/ens-normalize": "1.10.1",
        "@noble/curves": "1.2.0",
        "@noble/hashes": "1.3.2",
        "@types/node": "22.7.5",
        "aes-js": "4.0.0-beta.5",
        "tslib": "2.7.0",
        "ws": "8.17.1"
      },
      "engines": {
        "node": ">=14.0.0"
      }
    },
    "node_modules/ethstorage-sdk": {
      "version": "4.2.4",
      "resolved": "https://registry.npmjs.org/ethstorage-sdk/-/ethstorage-sdk-4.2.4.tgz",
      "integrity": "sha512-JzOUT2jRtzEEyLrdVcb3CYghR5tGrGO0WGWFpgJkzEsXHwBAJ+D6S6HoxCJT8K6NvczC8BVke7ncdysoBNgpew==",
      "dependencies": {
        "async-mutex": "^0.5.0",
        "dotenv": "^16.4.5",
        "ethers": "^6.16.0",
        "js-kzg": "^2.0.2",
        "p-limit": "^7.2.0",
        "rxjs": "^7.8.2"
      }
    },
    "node_modules/fetch-blob": {
      "version": "3.2.0",
      "resolved": "https://registry.npmjs.org/fetch-blob/-/fetch-blob-3.2.0.tgz",
      "integrity": "sha512-7yAQpD2UMJzLi1Dqv7qFYnPbaPx7ZfFK6PiIxQ4PfkGPyNyl2Ugx+a/umUonmKqjhM4DnfbMvdX6otXq83soQQ==",
      "funding": [
        {
          "type": "github",
          "url": "https://github.com/sponsors/jimmywarting"
        },
        {
          "type": "paypal",
          "url": "https://paypal.me/jimmywarting"
        }
      ],
      "dependencies": {
        "node-domexception": "^1.0.0",
        "web-streams-polyfill": "^3.0.3"
      },
      "engines": {
        "node": "^12.20 || >= 14.13"
      }
    },
    "node_modules/formdata-polyfill": {
      "version": "4.0.10",
      "resolved": "https://registry.npmjs.org/formdata-polyfill/-/formdata-polyfill-4.0.10.tgz",
      "integrity": "sha512-buewHzMvYL29jdeQTVILecSaZKnt/RJWjoZCF5OW60Z67/GmSLBkOFM7qh1PI3zFNtJbaZL5eQu1vLfazOwj4g==",
      "dependencies": {
        "fetch-blob": "^3.1.2"
      },
      "engines": {
        "node": ">=12.20.0"
      }
    },
    "node_modules/https": {
      "version": "1.0.0",
      "resolved": "https://registry.npmjs.org/https/-/https-1.0.0.tgz",
      "integrity": "sha512-4EC57ddXrkaF0x83Oj8sM6SLQHAWXw90Skqu2M4AEWENZ3F02dFJE/GARA8igO79tcgYqGrD7ae4f5L3um2lgg=="
    },
    "node_modules/js-kzg": {
      "version": "2.0.2",
      "resolved": "https://registry.npmjs.org/js-kzg/-/js-kzg-2.0.2.tgz",
      "integrity": "sha512-6Ece3TH+UIcW/8yN5fcxgKtmlMC7+aUsuH6dzvs0sy3jtDqdBuKg5lACV0JO5X2rCqX4uA3yNefnSW92wlsAAA==",
      "dependencies": {
        "comlink": "^4.4.2",
        "kzg-wasm": "^1.0.0",
        "rust-kzg-node": "^1.0.0"
      }
    },
    "node_modules/kzg-wasm": {
      "version": "1.0.0",
      "resolved": "https://registry.npmjs.org/kzg-wasm/-/kzg-wasm-1.0.0.tgz",
      "integrity": "sha512-jMvFK5uiV41BgcLrCaHbNeDeQeZdoTcqOYm7yS1Xdvl4MAykjou+SLlnt+P1bWz5C0YWHOmgUUjIpCuU83zNTA=="
    },
    "node_modules/node-domexception": {
      "version": "1.0.0",
      "resolved": "https://registry.npmjs.org/node-domexception/-/node-domexception-1.0.0.tgz",
      "integrity": "sha512-/jKZoMpw0F8GRwl4/eLROPA3cfcXtLApP0QzLmUT/HuPCZWyB7IY9ZrMeKw2O/nFIqPQB3PVM9aYm0F312AXDQ==",
      "deprecated": "Use your platform's native DOMException instead",
      "funding": [
        {
          "type": "github",
          "url": "https://github.com/sponsors/jimmywarting"
        },
        {
          "type": "github",
          "url": "https://paypal.me/jimmywarting"
        }
      ],
      "engines": {
        "node": ">=10.5.0"
      }
    },
    "node_modules/node-fetch": {
      "version": "3.3.2",
      "resolved": "https://registry.npmjs.org/node-fetch/-/node-fetch-3.3.2.tgz",
      "integrity": "sha512-dRB78srN/l6gqWulah9SrxeYnxeddIG30+GOqK/9OlLVyLg3HPnr6SqOWTWOXKRwC2eGYCkZ59NNuSgvSrpgOA==",
      "dependencies": {
        "data-uri-to-buffer": "^4.0.0",
        "fetch-blob": "^3.1.4",
        "formdata-polyfill": "^4.0.10"
      },
      "engines": {
        "node": "^12.20.0 || ^14.13.1 || >=16.0.0"
      },
      "funding": {
        "type": "opencollective",
        "url": "https://opencollective.com/node-fetch"
      }
    },
    "node_modules/p-limit": {
      "version": "7.2.0",
      "resolved": "https://registry.npmjs.org/p-limit/-/p-limit-7.2.0.tgz",
      "integrity": "sha512-ATHLtwoTNDloHRFFxFJdHnG6n2WUeFjaR8XQMFdKIv0xkXjrER8/iG9iu265jOM95zXHAfv9oTkqhrfbIzosrQ==",
      "dependencies": {
        "yocto-queue": "^1.2.1"
      },
      "engines": {
        "node": ">=20"
      },
      "funding": {
        "url": "https://github.com/sponsors/sindresorhus"
      }
    },
    "node_modules/rust-kzg-node": {
      "version": "1.0.0",
      "resolved": "https://registry.npmjs.org/rust-kzg-node/-/rust-kzg-node-1.0.0.tgz",
      "integrity": "sha512-fNDdmxuFF7fqeMpkpVQfDlCaWtCiq37axNtwheOt4PB36DyzCMg+LJZJeRDS7e0UJh8p5mWGRnnNPkbY5bmsww==",
      "engines": {
        "node": ">= 18"
      },
      "optionalDependencies": {
        "rust-kzg-node-darwin-arm64": "1.0.0",
        "rust-kzg-node-darwin-x64": "1.0.0",
        "rust-kzg-node-freebsd-x64": "1.0.0",
        "rust-kzg-node-linux-arm64-gnu": "1.0.0",
        "rust-kzg-node-linux-arm64-musl": "1.0.0",
        "rust-kzg-node-linux-x64-gnu": "1.0.0",
        "rust-kzg-node-linux-x64-musl": "1.0.0",
        "rust-kzg-node-wasm32-wasi": "1.0.0",
        "rust-kzg-node-win32-arm64-msvc": "1.0.0",
        "rust-kzg-node-win32-x64-msvc": "1.0.0"
      }
    },
    "node_modules/rust-kzg-node-darwin-arm64": {
      "version": "1.0.0",
      "resolved": "https://registry.npmjs.org/rust-kzg-node-darwin-arm64/-/rust-kzg-node-darwin-arm64-1.0.0.tgz",
      "integrity": "sha512-YlrVxHZP7MTOLN4g+3v1u1q3iXrAELC5Tjdxe9RXuQA+I8eswd3AAJKnG/+CAEEl9aIZSm90AYWqgitvTY1B4w==",
      "cpu": [
        "arm64"
      ],
      "optional": true,
      "os": [
        "darwin"
      ],
      "engines": {
        "node": ">= 18"
      }
    },
    "node_modules/rust-kzg-node-darwin-x64": {
      "version": "1.0.0",
      "resolved": "https://registry.npmjs.org/rust-kzg-node-darwin-x64/-/rust-kzg-node-darwin-x64-1.0.0.tgz",
      "integrity": "sha512-zlzIyg71IC7qBjlZpofrQ5QiVQtRItjXWDdbOzWxMYoZRbt9VDhNAVmN4Srkk63+WLuRaFQl1gIzvNvhAamFnw==",
      "cpu": [
        "x64"
      ],
      "optional": true,
      "os": [
        "darwin"
      ],
      "engines": {
        "node": ">= 18"
      }
    },
    "node_modules/rust-kzg-node-freebsd-x64": {
      "version": "1.0.0",
      "resolved": "https://registry.npmjs.org/rust-kzg-node-freebsd-x64/-/rust-kzg-node-freebsd-x64-1.0.0.tgz",
      "integrity": "sha512-lYuSjeSScgQgkt/yEFx7CrPvfMwXgteZZj12lIcduakk+qZafr9tTRs7vJx/1pT49BrmgUlbFhcS6KnWnhkThg==",
      "cpu": [
        "x64"
      ],
      "optional": true,
      "os": [
        "freebsd"
      ],
      "engines": {
        "node": ">= 18"
      }
    },
    "node_modules/rust-kzg-node-linux-arm64-gnu": {
      "version": "1.0.0",
      "resolved": "https://registry.npmjs.org/rust-kzg-node-linux-arm64-gnu/-/rust-kzg-node-linux-arm64-gnu-1.0.0.tgz",
      "integrity": "sha512-AkGpx5kcr15VIuHLmIXJTLqTQ70zHdNeqebQwk1U+XeF9qI6fR807c9Pr7jISjQ4lFd/vQCs4d5ghkoq7HQC1A==",
      "cpu": [
        "arm64"
      ],
      "optional": true,
      "os": [
        "linux"
      ],
      "engines": {
        "node": ">= 18"
      }
    },
    "node_modules/rust-kzg-node-linux-arm64-musl": {
      "version": "1.0.0",
      "resolved": "https://registry.npmjs.org/rust-kzg-node-linux-arm64-musl/-/rust-kzg-node-linux-arm64-musl-1.0.0.tgz",
      "integrity": "sha512-RbgF1J4wTT7zPnjCMhfey12GGdVCMd2P3JXaVQaeaUODks1qGInd+jAPtxo+o8ritQthgh6boCjQgnD91gTxAw==",
      "cpu": [
        "arm64"
      ],
      "optional": true,
      "os": [
        "linux"
      ],
      "engines": {
        "node": ">= 18"
      }
    },
    "node_modules/rust-kzg-node-linux-x64-gnu": {
      "version": "1.0.0",
      "resolved": "https://registry.npmjs.org/rust-kzg-node-linux-x64-gnu/-/rust-kzg-node-linux-x64-gnu-1.0.0.tgz",
      "integrity": "sha512-1txZo1tvAwqJ1BhcEmh4ScRj/b5DqwzEgDSzs6cclLqM4Sr7KLb47Z8eVzyanZOTGpg2pFUJ5LU3geuv8LwMhw==",
      "cpu": [
        "x64"
      ],
      "optional": true,
      "os": [
        "linux"
      ],
      "engines": {
        "node": ">= 18"
      }
    },
    "node_modules/rust-kzg-node-linux-x64-musl": {
      "version": "1.0.0",
      "resolved": "https://registry.npmjs.org/rust-kzg-node-linux-x64-musl/-/rust-kzg-node-linux-x64-musl-1.0.0.tgz",
      "integrity": "sha512-bFA7eXIYDp6Ntcekj+fmSFgKOJel3yC79cjATkw4weDZRdwDqSz9TdxcmGvjIH4I6xY9w+ovSP4t7TxYNxIwkA==",
      "cpu": [
        "x64"
      ],
      "optional": true,
      "os": [
        "linux"
      ],
      "engines": {
        "node": ">= 18"
      }
    },
    "node_modules/rust-kzg-node-wasm32-wasi": {
      "version": "1.0.0",
      "resolved": "https://registry.npmjs.org/rust-kzg-node-wasm32-wasi/-/rust-kzg-node-wasm32-wasi-1.0.0.tgz",
      "integrity": "sha512-4IvSJpcmNNCQ6THlnU4uhRV0yjjjaViqq5YQVU75Pme4EuG6wHIvF3ZXbAjGXKTWWHjiY6RuyPPLiUmf3UD3sg==",
      "cpu": [
        "wasm32"
      ],
      "optional": true,
      "dependencies": {
        "@napi-rs/wasm-runtime": "^1.0.7"
      },
      "engines": {
        "node": ">=14.0.0"
      }
    },
    "node_modules/rust-kzg-node-win32-arm64-msvc": {
      "version": "1.0.0",
      "resolved": "https://registry.npmjs.org/rust-kzg-node-win32-arm64-msvc/-/rust-kzg-node-win32-arm64-msvc-1.0.0.tgz",
      "integrity": "sha512-DiiVoMWYY7W0yI2+LYQEpQAAIw56PJNx+NjhPNICAthjFG50mwzJPA38OR5IlxA/Vcy7kP7NdFgAuXrPUJH+bA==",
      "cpu": [
        "arm64"
      ],
      "optional": true,
      "os": [
        "win32"
      ],
      "engines": {
        "node": ">= 18"
      }
    },
    "node_modules/rust-kzg-node-win32-x64-msvc": {
      "version": "1.0.0",
      "resolved": "https://registry.npmjs.org/rust-kzg-node-win32-x64-msvc/-/rust-kzg-node-win32-x64-msvc-1.0.0.tgz",
      "integrity": "sha512-iP53lhYBefG+ujyNiBd8yXQ6thrtFy8Yb9OPT6odYQp2k+IDBwQ0z2yQCYj5L/yJvoxuGTFLXsfnPZeiZu/M6A==",
      "cpu": [
        "x64"
      ],
      "optional": true,
      "os": [
        "win32"
      ],
      "engines": {
        "node": ">= 18"
      }
    },
    "node_modules/rxjs": {
      "version": "7.8.2",
      "resolved": "https://registry.npmjs.org/rxjs/-/rxjs-7.8.2.tgz",
      "integrity": "sha512-dhKf903U/PQZY6boNNtAGdWbG85WAbjT/1xYoZIC7FAY0yWapOBQVsVrDl58W86//e1VpMNBtRV4MaXfdMySFA==",
      "dependencies": {
        "tslib": "^2.1.0"
      }
    },
    "node_modules/tslib": {
      "version": "2.7.0",
      "resolved": "https://registry.npmjs.org/tslib/-/tslib-2.7.0.tgz",
      "integrity": "sha512-gLXCKdN1/j47AiHiOkJN69hJmcbGTHI0ImLmbYLHykhgeN0jVGola9yVjFgzCUklsZQMW55o+dW7IXv3RCXDzA=="
    },
    "node_modules/undici-types": {
      "version": "6.19.8",
      "resolved": "https://registry.npmjs.org/undici-types/-/undici-types-6.19.8.tgz",
      "integrity": "sha512-ve2KP6f/JnbPBFyobGHuerC9g1FYGn/F8n1LWTwNxCEzd6IfqTwUQcNXgEtmmQ6DlRrC1hrSrBnCZPokRrDHjw=="
    },
    "node_modules/web-streams-polyfill": {
      "version": "3.3.3",
      "resolved": "https://registry.npmjs.org/web-streams-polyfill/-/web-streams-polyfill-3.3.3.tgz",
      "integrity": "sha512-d2JWLCivmZYTSIoge9MsgFCZrt571BikcWGYkjC1khllbTeDlGqZ2D8vD8E/lJa8WGWbb7Plm8/XJYV7IJHZZw==",
      "engines": {
        "node": ">= 8"
      }
    },
    "node_modules/ws": {
      "version": "8.17.1",
      "resolved": "https://registry.npmjs.org/ws/-/ws-8.17.1.tgz",
      "integrity": "sha512-6XQFvXTkbfUOZOKKILFG1PDK2NDQs4azKQl26T0YS5CxqWLgXajbPZ+h4gZekJyRqFU8pvnbAbbs/3TgRPy+GQ==",
      "engines": {
        "node": ">=10.0.0"
      },
      "peerDependencies": {
        "bufferutil": "^4.0.1",
        "utf-8-validate": ">=5.0.2"
      },
      "peerDependenciesMeta": {
        "bufferutil": {
          "optional": true
        },
        "utf-8-validate": {
          "optional": true
        }
      }
    },
    "node_modules/yocto-queue": {
      "version": "1.2.2",
      "resolved": "https://registry.npmjs.org/yocto-queue/-/yocto-queue-1.2.2.tgz",
      "integrity": "sha512-4LCcse/U2MHZ63HAJVE+v71o7yOdIe4cZ70Wpf8D/IyjDKYQLV5GD46B+hSTjJsvV5PztjvHoU580EftxjDZFQ==",
      "engines": {
        "node": ">=12.20"
      },
      "funding": {
        "url": "https://github.com/sponsors/sindresorhus"
      }
    }
  }
}
